
Microsoft Visual Studio Solution File, Format Version 12.00
# Visual Studio Version 17
VisualStudioVersion = 17.1.32421.90
MinimumVisualStudioVersion = 10.0.40219.1
Project("{9A19103F-16F7-4668-BE54-9A1E7A4F7556}") = "FinanceApp.Controller", "FinanceApp.Controller\FinanceApp.Controller.csproj", "{F507EBCD-53F1-4640-B23F-3B9EDC5D24FD}"
EndProject
Project("{9A19103F-16F7-4668-BE54-9A1E7A4F7556}") = "FinanceApp.Applications", "FinanceApp.Applications\FinanceApp.Applications.csproj", "{75EB164D-25BB-45BD-86B8-7CDBF5F9D2C9}"
EndProject
Project("{9A19103F-16F7-4668-BE54-9A1E7A4F7556}") = "FinanceApp.Infrastructure.Data", "FinanceApp.Infrastructure.Data\FinanceApp.Infrastructure.Data.csproj", "{364B6916-F124-45DA-8F59-0A1200A009E6}"
EndProject
Project("{FAE04EC0-301F-11D3-BF4B-00C04F79EFBC}") = "FinanceApp.Infrastructure.API", "FinanceApp.Infrastructure.API\FinanceApp.Infrastructure.API.csproj", "{C277FA49-600C-4FFE-9852-EAB8C74D0B20}"
EndProject
Global
	GlobalSection(SolutionConfigurationPlatforms) = preSolution
		Debug|Any CPU = Debug|Any CPU
		Release|Any CPU = Release|Any CPU
	EndGlobalSection
	GlobalSection(ProjectConfigurationPlatforms) = postSolution
		{F507EBCD-53F1-4640-B23F-3B9EDC5D24FD}.Debug|Any CPU.ActiveCfg = Debug|Any CPU
		{F507EBCD-53F1-4640-B23F-3B9EDC5D24FD}.Debug|Any CPU.Build.0 = Debug|Any CPU
		{F507EBCD-53F1-4640-B23F-3B9EDC5D24FD}.Release|Any CPU.ActiveCfg = Release|Any CPU
		{F507EBCD-53F1-4640-B23F-3B9EDC5D24FD}.Release|Any CPU.Build.0 = Release|Any CPU
		{75EB164D-25BB-45BD-86B8-7CDBF5F9D2C9}.Debug|Any CPU.ActiveCfg = Debug|Any CPU
		{75EB164D-25BB-45BD-86B8-7CDBF5F9D2C9}.Debug|Any CPU.Build.0 = Debug|Any CPU
		{75EB164D-25BB-45BD-86B8-7CDBF5F9D2C9}.Release|Any CPU.ActiveCfg = Release|Any CPU
		{75EB164D-25BB-45BD-86B8-7CDBF5F9D2C9}.Release|Any CPU.Build.0 = Release|Any CPU
		{364B6916-F124-45DA-8F59-0A1200A009E6}.Debug|Any CPU.ActiveCfg = Debug|Any CPU
		{364B6916-F124-45DA-8F59-0A1200A009E6}.Debug|Any CPU.Build.0 = Debug|Any CPU
		{364B6916-F124-45DA-8F59-0A1200A009E6}.Release|Any CPU.ActiveCfg = Release|Any CPU
		{364B6916-F124-45DA-8F59-0A1200A009E6}.Release|Any CPU.Build.0 = Release|Any CPU
		{C277FA49-600C-4FFE-9852-EAB8C74D0B20}.Debug|Any CPU.ActiveCfg = Debug|Any CPU
		{C277FA49-600C-4FFE-9852-EAB8C74D0B20}.Debug|Any CPU.Build.0 = Debug|Any CPU
		{C277FA49-600C-4FFE-9852-EAB8C74D0B20}.Release|Any CPU.ActiveCfg = Release|Any CPU
		{C277FA49-600C-4FFE-9852-EAB8C74D0B20}.Release|Any CPU.Build.0 = Release|Any CPU
	EndGlobalSection
	GlobalSection(SolutionProperties) = preSolution
		HideSolutionNode = FALSE
	EndGlobalSection
	GlobalSection(ExtensibilityGlobals) = postSolution
		SolutionGuid = {8FA7B677-49B7-4DBA-AD28-BD880EA1C4E7}
	EndGlobalSection
EndGlobal
